<?xml version="1.0" encoding="utf-8"?>
<Project ToolsVersion="4.0" xmlns="http://schemas.microsoft.com/developer/msbuild/2003">
  <ItemGroup>
    <Filter Include="Source Files">
      <UniqueIdentifier>{d868ebcf-be03-4d9b-af64-a5988e3314f7}</UniqueIdentifier>
      <Extensions>cpp;c;cxx;rc;def;r;odl;idl;hpj;bat</Extensions>
    </Filter>
    <Filter Include="Source Files\Functions.c">
      <UniqueIdentifier>{3e3e1d14-39fc-468a-adf4-42a8ae5d61bd}</UniqueIdentifier>
      <Extensions>c</Extensions>
    </Filter>
    <Filter Include="Source Files\Pe Editor.c">
      <UniqueIdentifier>{8c058735-4850-4da0-ae63-2c6766d7df05}</UniqueIdentifier>
      <Extensions>c</Extensions>
    </Filter>
    <Filter Include="Source Files\Main.c">
      <UniqueIdentifier>{e45a08e9-112f-4262-921b-692d48d3c8b5}</UniqueIdentifier>
      <Extensions>c</Extensions>
    </Filter>
    <Filter Include="Source Files\Processes.c">
      <UniqueIdentifier>{f25f5de6-06cf-4434-81e4-754c369d2bc6}</UniqueIdentifier>
      <Extensions>*.c</Extensions>
    </Filter>
    <Filter Include="Source Files\Disassembler.c">
      <UniqueIdentifier>{d989bf30-092f-4033-8aa0-a11b4e88aa80}</UniqueIdentifier>
    </Filter>
    <Filter Include="Source Files\Disassembler.c\Disasm_Data.c">
      <UniqueIdentifier>{9babff6a-7017-49f8-b3f2-7a639ef4be8c}</UniqueIdentifier>
    </Filter>
    <Filter Include="Source Files\Disassembler.c\chip8.c">
      <UniqueIdentifier>{f7da9ce3-5ef0-47ec-8f57-d250ce570ab3}</UniqueIdentifier>
    </Filter>
    <Filter Include="Source Files\LoadPic.c">
      <UniqueIdentifier>{1e27695e-6357-4d88-a4f9-e88368547926}</UniqueIdentifier>
    </Filter>
    <Filter Include="Source Files\HexEditor.c">
      <UniqueIdentifier>{f8f2b270-7577-436e-ae2d-1cf33fb441ea}</UniqueIdentifier>
    </Filter>
    <Filter Include="Source Files\Patcher.c">
      <UniqueIdentifier>{ad44cc9f-627c-4c87-a613-ccf43ed3d3d5}</UniqueIdentifier>
    </Filter>
    <Filter Include="Source Files\Project.c">
      <UniqueIdentifier>{e8870fa8-99ea-49fc-b2b7-b61423f9b56e}</UniqueIdentifier>
    </Filter>
    <Filter Include="Source Files\SDK.c">
      <UniqueIdentifier>{3ae11004-f2e9-435f-baaf-d73143aab32f}</UniqueIdentifier>
    </Filter>
    <Filter Include="Source Files\PVScript.c">
      <UniqueIdentifier>{598cb504-087c-4206-9a22-88f57ee9b319}</UniqueIdentifier>
    </Filter>
    <Filter Include="Header Files">
      <UniqueIdentifier>{b53917a9-6920-426d-b573-04aa20c43abd}</UniqueIdentifier>
      <Extensions>h;hpp;hxx;hm;inl</Extensions>
    </Filter>
    <Filter Include="Header Files\Functions.h">
      <UniqueIdentifier>{952315c3-1819-40eb-89b7-0e6883e51a43}</UniqueIdentifier>
    </Filter>
    <Filter Include="Header Files\Pe_Editor.h">
      <UniqueIdentifier>{f8f1881d-27f4-4c29-a845-0711342072bc}</UniqueIdentifier>
    </Filter>
    <Filter Include="Header Files\Main.h">
      <UniqueIdentifier>{5b4e15d3-81d2-40b6-90ae-3861c6ba77c5}</UniqueIdentifier>
      <Extensions>h</Extensions>
    </Filter>
    <Filter Include="Header Files\Processes.h">
      <UniqueIdentifier>{0f69bcfa-8a9e-4588-822c-5f539b571a92}</UniqueIdentifier>
      <Extensions>*.h</Extensions>
    </Filter>
    <Filter Include="Header Files\Disassembler.h">
      <UniqueIdentifier>{bb23b6e4-2ded-43e1-b6b3-4e3f14f5fb4e}</UniqueIdentifier>
    </Filter>
    <Filter Include="Header Files\Disassembler.h\Disasm_Data.h">
      <UniqueIdentifier>{d3768af7-90f7-4a96-a3cc-169ae1d099f3}</UniqueIdentifier>
    </Filter>
    <Filter Include="Header Files\Disassembler.h\Chip8.h">
      <UniqueIdentifier>{65094ced-df85-4c87-9c03-72b1c7831593}</UniqueIdentifier>
    </Filter>
    <Filter Include="Header Files\LoadPic.h">
      <UniqueIdentifier>{0fe10549-be97-4283-8c86-307c32c6264f}</UniqueIdentifier>
    </Filter>
    <Filter Include="Header Files\HexEditor.h">
      <UniqueIdentifier>{6fcd7d5f-2a7a-4e28-b29d-1c7ac5e9e82d}</UniqueIdentifier>
    </Filter>
    <Filter Include="Header Files\Patcher.h">
      <UniqueIdentifier>{1aab89c7-8b75-41e1-9875-d7a69f04f406}</UniqueIdentifier>
    </Filter>
    <Filter Include="Header Files\Project.h">
      <UniqueIdentifier>{0a40ea00-912c-44ba-9947-9758206352d9}</UniqueIdentifier>
    </Filter>
    <Filter Include="Header Files\SDK.h">
      <UniqueIdentifier>{54d331f6-e0ef-4a21-8a3d-d3169120c928}</UniqueIdentifier>
    </Filter>
    <Filter Include="Header Files\PVScript.h">
      <UniqueIdentifier>{1ee2bd60-5789-4b94-bde6-d716d83dcaed}</UniqueIdentifier>
    </Filter>
    <Filter Include="Header Files\64Bit">
      <UniqueIdentifier>{f570c115-47ef-4529-be76-b19c983144f9}</UniqueIdentifier>
    </Filter>
    <Filter Include="Resource Files">
      <UniqueIdentifier>{3e0a03d0-5dbc-44a7-b681-6587fc08dd3e}</UniqueIdentifier>
      <Extensions>ico;cur;bmp;dlg;rc2;rct;bin;rgs;gif;jpg;jpeg;jpe</Extensions>
    </Filter>
  </ItemGroup>
  <ItemGroup>
    <ClCompile Include="Resize\AnchorResizing.cpp">
      <Filter>Source Files\Functions.c</Filter>
    </ClCompile>
    <ClCompile Include="Functions.cpp">
      <Filter>Source Files\Functions.c</Filter>
    </ClCompile>
    <ClCompile Include="PE_Editor.cpp">
      <Filter>Source Files\Pe Editor.c</Filter>
    </ClCompile>
    <ClCompile Include="Sections.cpp">
      <Filter>Source Files\Pe Editor.c</Filter>
    </ClCompile>
    <ClCompile Include="FileMap.cpp">
      <Filter>Source Files\Main.c</Filter>
    </ClCompile>
    <ClCompile Include="Process.cpp">
      <Filter>Source Files\Processes.c</Filter>
    </ClCompile>
    <ClCompile Include="Disasm.cpp">
      <Filter>Source Files\Disassembler.c</Filter>
    </ClCompile>
    <ClCompile Include="Disasm_Options.cpp">
      <Filter>Source Files\Disassembler.c</Filter>
    </ClCompile>
    <ClCompile Include="Dsasm_Functions.cpp">
      <Filter>Source Files\Disassembler.c</Filter>
    </ClCompile>
    <ClCompile Include="CDisasmColor.cpp">
      <Filter>Source Files\Disassembler.c\Disasm_Data.c</Filter>
    </ClCompile>
    <ClCompile Include="CDisasmData.cpp">
      <Filter>Source Files\Disassembler.c\Disasm_Data.c</Filter>
    </ClCompile>
    <ClCompile Include="Chip8.cpp">
      <Filter>Source Files\Disassembler.c\chip8.c</Filter>
    </ClCompile>
    <ClCompile Include="loadpic\loadpic.cpp">
      <Filter>Source Files\LoadPic.c</Filter>
    </ClCompile>
    <ClCompile Include="HexEditor.cpp">
      <Filter>Source Files\HexEditor.c</Filter>
    </ClCompile>
    <ClCompile Include="Patcher.cpp">
      <Filter>Source Files\Patcher.c</Filter>
    </ClCompile>
    <ClCompile Include="Project.cpp">
      <Filter>Source Files\Project.c</Filter>
    </ClCompile>
    <ClCompile Include="Wizard.cpp">
      <Filter>Source Files\Project.c</Filter>
    </ClCompile>
    <ClCompile Include="SDK\SDK.CPP">
      <Filter>Source Files\SDK.c</Filter>
    </ClCompile>
    <ClCompile Include="PVScript\pvscript.cpp">
      <Filter>Source Files\PVScript.c</Filter>
    </ClCompile>
  </ItemGroup>
  <ItemGroup>
    <ClInclude Include="resource\resource.h">
      <Filter>Header Files</Filter>
    </ClInclude>
    <ClInclude Include="Resize\AnchorResizing.h">
      <Filter>Header Files\Functions.h</Filter>
    </ClInclude>
    <ClInclude Include="Functions.h">
      <Filter>Header Files\Functions.h</Filter>
    </ClInclude>
    <ClInclude Include="PE_Editor.h">
      <Filter>Header Files\Pe_Editor.h</Filter>
    </ClInclude>
    <ClInclude Include="PE_Sections.h">
      <Filter>Header Files\Pe_Editor.h</Filter>
    </ClInclude>
    <ClInclude Include="MappedFile.h">
      <Filter>Header Files\Main.h</Filter>
    </ClInclude>
    <ClInclude Include="Process.h">
      <Filter>Header Files\Processes.h</Filter>
    </ClInclude>
    <ClInclude Include="Disasm.h">
      <Filter>Header Files\Disassembler.h</Filter>
    </ClInclude>
    <ClInclude Include="CDisasmData.h">
      <Filter>Header Files\Disassembler.h\Disasm_Data.h</Filter>
    </ClInclude>
    <ClInclude Include="Chip8.h">
      <Filter>Header Files\Disassembler.h\Chip8.h</Filter>
    </ClInclude>
    <ClInclude Include="loadpic\loadpic.h">
      <Filter>Header Files\LoadPic.h</Filter>
    </ClInclude>
    <ClInclude Include="HexEditor.h">
      <Filter>Header Files\HexEditor.h</Filter>
    </ClInclude>
    <ClInclude Include="Patcher.h">
      <Filter>Header Files\Patcher.h</Filter>
    </ClInclude>
    <ClInclude Include="Project.h">
      <Filter>Header Files\Project.h</Filter>
    </ClInclude>
    <ClInclude Include="Wizard.h">
      <Filter>Header Files\Project.h</Filter>
    </ClInclude>
    <ClInclude Include="SDK\SDK.H">
      <Filter>Header Files\SDK.h</Filter>
    </ClInclude>
    <ClInclude Include="PVScript\pvscript.h">
      <Filter>Header Files\PVScript.h</Filter>
    </ClInclude>
    <ClInclude Include="x64.h">
      <Filter>Header Files\64Bit</Filter>
    </ClInclude>
  </ItemGroup>
  <ItemGroup>
    <None Include="resource\binary1.bin">
      <Filter>Resource Files</Filter>
    </None>
    <None Include="resource\default1.bin">
      <Filter>Resource Files</Filter>
    </None>
    <None Include="resource\rt_manif.bin">
      <Filter>Resource Files</Filter>
    </None>
    <None Include="resource\pic.rgn" />
    <None Include="resource\xref.rgn" />
  </ItemGroup>
  <ItemGroup>
    <Image Include="resource\bitmap1.bmp">
      <Filter>Resource Files</Filter>
    </Image>
    <Image Include="resource\bmp00001.bmp">
      <Filter>Resource Files</Filter>
    </Image>
    <Image Include="resource\bmp00002.bmp">
      <Filter>Resource Files</Filter>
    </Image>
    <Image Include="resource\bmp00003.bmp">
      <Filter>Resource Files</Filter>
    </Image>
    <Image Include="resource\bmp00004.bmp">
      <Filter>Resource Files</Filter>
    </Image>
    <Image Include="resource\bmp00005.bmp">
      <Filter>Resource Files</Filter>
    </Image>
    <Image Include="resource\bmp00006.bmp">
      <Filter>Resource Files</Filter>
    </Image>
    <Image Include="resource\bmp00007.bmp">
      <Filter>Resource Files</Filter>
    </Image>
    <Image Include="resource\bmp00008.bmp">
      <Filter>Resource Files</Filter>
    </Image>
    <Image Include="resource\exports.bmp">
      <Filter>Resource Files</Filter>
    </Image>
    <Image Include="resource\function.bmp">
      <Filter>Resource Files</Filter>
    </Image>
    <Image Include="resource\icon1.ico">
      <Filter>Resource Files</Filter>
    </Image>
    <Image Include="resource\Imports.bmp">
      <Filter>Resource Files</Filter>
    </Image>
    <Image Include="resource\LIST.BMP">
      <Filter>Resource Files</Filter>
    </Image>
    <Image Include="resource\logo.gif">
      <Filter>Resource Files</Filter>
    </Image>
    <Image Include="resource\pic.bmp">
      <Filter>Resource Files</Filter>
    </Image>
    <Image Include="resource\pic.jpg">
      <Filter>Resource Files</Filter>
    </Image>
    <Image Include="resource\rc_addr.bmp">
      <Filter>Resource Files</Filter>
    </Image>
    <Image Include="resource\rc_appear.bmp">
      <Filter>Resource Files</Filter>
    </Image>
    <Image Include="resource\rc_code.bmp">
      <Filter>Resource Files</Filter>
    </Image>
    <Image Include="resource\rc_copy1.bmp">
      <Filter>Resource Files</Filter>
    </Image>
    <Image Include="resource\rc_data_manager.bmp">
      <Filter>Resource Files</Filter>
    </Image>
    <Image Include="resource\rc_define_data.bmp">
      <Filter>Resource Files</Filter>
    </Image>
    <Image Include="resource\rc_define_func.bmp">
      <Filter>Resource Files</Filter>
    </Image>
    <Image Include="resource\rc_ep.bmp">
      <Filter>Resource Files</Filter>
    </Image>
    <Image Include="resource\rc_ep1.bmp">
      <Filter>Resource Files</Filter>
    </Image>
    <Image Include="resource\rc_find.bmp">
      <Filter>Resource Files</Filter>
    </Image>
    <Image Include="resource\rc_func_manager.bmp">
      <Filter>Resource Files</Filter>
    </Image>
    <Image Include="resource\rc_hex.bmp">
      <Filter>Resource Files</Filter>
    </Image>
    <Image Include="resource\rc_imp.bmp">
      <Filter>Resource Files</Filter>
    </Image>
    <Image Include="resource\rc_patch.bmp">
      <Filter>Resource Files</Filter>
    </Image>
    <Image Include="resource\rc_ref.bmp">
      <Filter>Resource Files</Filter>
    </Image>
    <Image Include="resource\rc_save.bmp">
      <Filter>Resource Files</Filter>
    </Image>
    <Image Include="resource\rc_save1.bmp">
      <Filter>Resource Files</Filter>
    </Image>
    <Image Include="resource\rc_xref.bmp">
      <Filter>Resource Files</Filter>
    </Image>
    <Image Include="resource\ToolBar.bmp">
      <Filter>Resource Files</Filter>
    </Image>
    <Image Include="resource\ToolBarHot.bmp">
      <Filter>Resource Files</Filter>
    </Image>
    <Image Include="resource\W95MBX03.ICO">
      <Filter>Resource Files</Filter>
    </Image>
    <Image Include="resource\W95MBX04.ICO">
      <Filter>Resource Files</Filter>
    </Image>
    <Image Include="resource\xref.jpg">
      <Filter>Resource Files</Filter>
    </Image>
  </ItemGroup>
  <ItemGroup>
    <ResourceCompile Include="resource\FileMap.rsrc.rc">
      <Filter>Resource Files</Filter>
    </ResourceCompile>
  </ItemGroup>
  <ItemGroup>
    <Manifest Include="resource\PVDasm.exe.manifest" />
  </ItemGroup>
  <ItemGroup>
    <Text Include="ReadMe.txt" />
  </ItemGroup>
</Project>